
Microsoft Visual Studio Solution File, Format Version 12.00
# Visual Studio Version 17
VisualStudioVersion = 17.13.35825.156 d17.13
MinimumVisualStudioVersion = 10.0.40219.1
Project("{FAE04EC0-301F-11D3-BF4B-00C04F79EFBC}") = "OOP_Documents", "OOP_Documents\OOP_Documents.csproj", "{961F86DE-832C-4DA9-9475-72B7E57FB66F}"
EndProject
Global
	GlobalSection(SolutionConfigurationPlatforms) = preSolution
		Debug|Any CPU = Debug|Any CPU
		Release|Any CPU = Release|Any CPU
	EndGlobalSection
	GlobalSection(ProjectConfigurationPlatforms) = postSolution
		{961F86DE-832C-4DA9-9475-72B7E57FB66F}.Debug|Any CPU.ActiveCfg = Debug|Any CPU
		{961F86DE-832C-4DA9-9475-72B7E57FB66F}.Debug|Any CPU.Build.0 = Debug|Any CPU
		{961F86DE-832C-4DA9-9475-72B7E57FB66F}.Release|Any CPU.ActiveCfg = Release|Any CPU
		{961F86DE-832C-4DA9-9475-72B7E57FB66F}.Release|Any CPU.Build.0 = Release|Any CPU
	EndGlobalSection
	GlobalSection(SolutionProperties) = preSolution
		HideSolutionNode = FALSE
	EndGlobalSection
	GlobalSection(ExtensibilityGlobals) = postSolution
		SolutionGuid = {B3AC39B8-4252-40D8-A19F-4794DD506D7E}
	EndGlobalSection
EndGlobal
